
Microsoft Visual Studio Solution File, Format Version 12.00
# Visual Studio 2012
Project("{8BC9CEB8-8B4A-11D0-8D11-00A0C91BC942}") = "WhitesOut", "WhitesOut\WhitesOut.vcxproj", "{D03F61A7-1E53-485C-B536-B8CB530ED85F}"
EndProject
Global
	GlobalSection(SolutionConfigurationPlatforms) = preSolution
		Debug|Win32 = Debug|Win32
		Release|Win32 = Release|Win32
	EndGlobalSection
	GlobalSection(ProjectConfigurationPlatforms) = postSolution
		{D03F61A7-1E53-485C-B536-B8CB530ED85F}.Debug|Win32.ActiveCfg = Debug|Win32
		{D03F61A7-1E53-485C-B536-B8CB530ED85F}.Debug|Win32.Build.0 = Debug|Win32
		{D03F61A7-1E53-485C-B536-B8CB530ED85F}.Release|Win32.ActiveCfg = Release|Win32
		{D03F61A7-1E53-485C-B536-B8CB530ED85F}.Release|Win32.Build.0 = Release|Win32
	EndGlobalSection
	GlobalSection(SolutionProperties) = preSolution
		HideSolutionNode = FALSE
	EndGlobalSection
	GlobalSection(Performance) = preSolution
		HasPerformanceSessions = true
	EndGlobalSection
EndGlobal
